
Microsoft Visual Studio Solution File, Format Version 12.00
# Visual Studio Version 16
VisualStudioVersion = 16.0.31702.278
MinimumVisualStudioVersion = 10.0.40219.1
Project("{FAE04EC0-301F-11D3-BF4B-00C04F79EFBC}") = "ConsoleApp_FileIO", "ConsoleApp_FileIO.csproj", "{E241079B-F38D-48CA-BA25-1B03DD1812CF}"
EndProject
Global
	GlobalSection(SolutionConfigurationPlatforms) = preSolution
		Debug|Any CPU = Debug|Any CPU
		Release|Any CPU = Release|Any CPU
	EndGlobalSection
	GlobalSection(ProjectConfigurationPlatforms) = postSolution
		{E241079B-F38D-48CA-BA25-1B03DD1812CF}.Debug|Any CPU.ActiveCfg = Debug|Any CPU
		{E241079B-F38D-48CA-BA25-1B03DD1812CF}.Debug|Any CPU.Build.0 = Debug|Any CPU
		{E241079B-F38D-48CA-BA25-1B03DD1812CF}.Release|Any CPU.ActiveCfg = Release|Any CPU
		{E241079B-F38D-48CA-BA25-1B03DD1812CF}.Release|Any CPU.Build.0 = Release|Any CPU
	EndGlobalSection
	GlobalSection(SolutionProperties) = preSolution
		HideSolutionNode = FALSE
	EndGlobalSection
	GlobalSection(ExtensibilityGlobals) = postSolution
		SolutionGuid = {BEBF66BD-368F-4432-8E94-F031A30BA612}
	EndGlobalSection
EndGlobal
